{
  "version": 4,
  "terraform_version": "1.6.4",
  "serial": 2,
  "lineage": "739d2607-6c2c-1e38-58aa-180b8491d9a2",
  "outputs": {
    "vpcid": {
      "value": "vpc-0397d63529fef6656",
      "type": "string"
    }
  },
  "resources": [
    {
      "mode": "managed",
      "type": "aws_vpc",
      "name": "myvpc",
      "provider": "provider[\"registry.terraform.io/hashicorp/aws\"]",
      "instances": [
        {
          "schema_version": 1,
          "attributes": {
            "arn": "arn:aws:ec2:us-east-1:316694793330:vpc/vpc-0397d63529fef6656",
            "assign_generated_ipv6_cidr_block": false,
            "cidr_block": "10.0.0.0/16",
            "default_network_acl_id": "acl-01ea3dfeeef92d490",
            "default_route_table_id": "rtb-084c95e0b84397b8b",
            "default_security_group_id": "sg-0ac6c659a97bac38a",
            "dhcp_options_id": "dopt-07281b6ed30486064",
            "enable_dns_hostnames": false,
            "enable_dns_support": true,
            "enable_network_address_usage_metrics": false,
            "id": "vpc-0397d63529fef6656",
            "instance_tenancy": "default",
            "ipv4_ipam_pool_id": null,
            "ipv4_netmask_length": null,
            "ipv6_association_id": "",
            "ipv6_cidr_block": "",
            "ipv6_cidr_block_network_border_group": "",
            "ipv6_ipam_pool_id": "",
            "ipv6_netmask_length": 0,
            "main_route_table_id": "rtb-084c95e0b84397b8b",
            "owner_id": "316694793330",
            "tags": {
              "name": "vpctest"
            },
            "tags_all": {
              "name": "vpctest"
            }
          },
          "sensitive_attributes": [],
          "private": "eyJzY2hlbWFfdmVyc2lvbiI6IjEifQ=="
        }
      ]
    }
  ],
  "check_results": null
}
